# This is a Gradle generated file for dependency locking.
# Manual edits can break the build and are not advised.
# This file is expected to be part of source control.
ch.qos.logback:logback-classic:1.3.0=spotless-1972451482,spotless-1972451483
ch.qos.logback:logback-core:1.3.0=spotless-1972451482,spotless-1972451483
com.fasterxml.jackson.core:jackson-annotations:2.14.2=compileClasspath,default,implementationDependenciesMetadata,runtimeClasspath,testCompileClasspath,testImplementationDependenciesMetadata,testRuntimeClasspath
com.fasterxml.jackson.core:jackson-core:2.14.2=compileClasspath,default,implementationDependenciesMetadata,runtimeClasspath,testCompileClasspath,testImplementationDependenciesMetadata,testRuntimeClasspath
com.fasterxml.jackson.core:jackson-databind:2.14.2=compileClasspath,default,implementationDependenciesMetadata,runtimeClasspath,testCompileClasspath,testImplementationDependenciesMetadata,testRuntimeClasspath
com.fasterxml.jackson.dataformat:jackson-dataformat-yaml:2.14.2=compileClasspath,default,implementationDependenciesMetadata,runtimeClasspath,testCompileClasspath,testImplementationDependenciesMetadata,testRuntimeClasspath
com.fasterxml.jackson.module:jackson-module-kotlin:2.14.2=compileClasspath,default,implementationDependenciesMetadata,runtimeClasspath,testCompileClasspath,testImplementationDependenciesMetadata,testRuntimeClasspath
com.fasterxml.jackson:jackson-bom:2.14.2=compileClasspath,default,implementationDependenciesMetadata,runtimeClasspath,testCompileClasspath,testImplementationDependenciesMetadata,testRuntimeClasspath
com.github.javaparser:javaparser-core:3.25.0=testCompileClasspath,testImplementationDependenciesMetadata,testRuntimeClasspath
com.github.shyiko.klob:klob:0.2.1=spotless-1972451482,spotless-1972451483
com.h2database:h2:2.1.214=testCompileClasspath,testImplementationDependenciesMetadata,testRuntimeClasspath
com.pinterest.ktlint:ktlint-core:0.48.1=spotless-1972451483
com.pinterest.ktlint:ktlint-core:0.48.2=spotless-1972451482
com.pinterest.ktlint:ktlint-reporter-baseline:0.48.1=spotless-1972451483
com.pinterest.ktlint:ktlint-reporter-baseline:0.48.2=spotless-1972451482
com.pinterest.ktlint:ktlint-reporter-checkstyle:0.48.1=spotless-1972451483
com.pinterest.ktlint:ktlint-reporter-checkstyle:0.48.2=spotless-1972451482
com.pinterest.ktlint:ktlint-reporter-format:0.48.1=spotless-1972451483
com.pinterest.ktlint:ktlint-reporter-format:0.48.2=spotless-1972451482
com.pinterest.ktlint:ktlint-reporter-html:0.48.1=spotless-1972451483
com.pinterest.ktlint:ktlint-reporter-html:0.48.2=spotless-1972451482
com.pinterest.ktlint:ktlint-reporter-json:0.48.1=spotless-1972451483
com.pinterest.ktlint:ktlint-reporter-json:0.48.2=spotless-1972451482
com.pinterest.ktlint:ktlint-reporter-plain-summary:0.48.1=spotless-1972451483
com.pinterest.ktlint:ktlint-reporter-plain-summary:0.48.2=spotless-1972451482
com.pinterest.ktlint:ktlint-reporter-plain:0.48.1=spotless-1972451483
com.pinterest.ktlint:ktlint-reporter-plain:0.48.2=spotless-1972451482
com.pinterest.ktlint:ktlint-reporter-sarif:0.48.1=spotless-1972451483
com.pinterest.ktlint:ktlint-reporter-sarif:0.48.2=spotless-1972451482
com.pinterest.ktlint:ktlint-ruleset-experimental:0.48.1=spotless-1972451483
com.pinterest.ktlint:ktlint-ruleset-experimental:0.48.2=spotless-1972451482
com.pinterest.ktlint:ktlint-ruleset-standard:0.48.1=spotless-1972451483
com.pinterest.ktlint:ktlint-ruleset-standard:0.48.2=spotless-1972451482
com.pinterest.ktlint:ktlint-ruleset-test:0.48.1=spotless-1972451483
com.pinterest.ktlint:ktlint-ruleset-test:0.48.2=spotless-1972451482
com.pinterest:ktlint:0.48.1=spotless-1972451483
com.pinterest:ktlint:0.48.2=spotless-1972451482
info.picocli:picocli:4.6.3=spotless-1972451482,spotless-1972451483
io.github.detekt.sarif4k:sarif4k:0.2.0=spotless-1972451482,spotless-1972451483
io.github.java-diff-utils:java-diff-utils:4.12=testRuntimeClasspath
io.github.microutils:kotlin-logging-jvm:2.1.23=spotless-1972451482,spotless-1972451483
io.kotest:kotest-assertions-api-jvm:5.5.5=testCompileClasspath,testRuntimeClasspath
io.kotest:kotest-assertions-api:5.5.5=testCompileClasspath,testImplementationDependenciesMetadata,testRuntimeClasspath
io.kotest:kotest-assertions-core-jvm:5.5.5=testCompileClasspath,testImplementationDependenciesMetadata,testRuntimeClasspath
io.kotest:kotest-assertions-shared-jvm:5.5.5=testCompileClasspath,testRuntimeClasspath
io.kotest:kotest-assertions-shared:5.5.5=testCompileClasspath,testImplementationDependenciesMetadata,testRuntimeClasspath
io.kotest:kotest-common-jvm:5.5.5=testRuntimeClasspath
io.kotest:kotest-common:5.5.5=testImplementationDependenciesMetadata,testRuntimeClasspath
io.mockk:mockk-agent-api-jvm:1.13.4=testCompileClasspath,testRuntimeClasspath
io.mockk:mockk-agent-api:1.13.4=testCompileClasspath,testImplementationDependenciesMetadata,testRuntimeClasspath
io.mockk:mockk-agent-jvm:1.13.4=testCompileClasspath,testRuntimeClasspath
io.mockk:mockk-agent:1.13.4=testCompileClasspath,testImplementationDependenciesMetadata,testRuntimeClasspath
io.mockk:mockk-core-jvm:1.13.4=testCompileClasspath,testRuntimeClasspath
io.mockk:mockk-core:1.13.4=testCompileClasspath,testImplementationDependenciesMetadata,testRuntimeClasspath
io.mockk:mockk-dsl-jvm:1.13.4=testCompileClasspath,testRuntimeClasspath
io.mockk:mockk-dsl:1.13.4=testCompileClasspath,testImplementationDependenciesMetadata,testRuntimeClasspath
io.mockk:mockk-jvm:1.13.4=testCompileClasspath,testRuntimeClasspath
io.mockk:mockk:1.13.4=testCompileClasspath,testImplementationDependenciesMetadata,testRuntimeClasspath
junit:junit:4.13.2=testRuntimeClasspath
net.bytebuddy:byte-buddy-agent:1.12.20=testCompileClasspath,testRuntimeClasspath
net.bytebuddy:byte-buddy:1.12.20=testCompileClasspath,testRuntimeClasspath
net.java.dev.jna:jna:5.6.0=kotlinCompilerClasspath,kotlinKlibCommonizerClasspath,spotless-1972451482,spotless-1972451483
org.apiguardian:apiguardian-api:1.1.2=testCompileClasspath,testImplementationDependenciesMetadata,testRuntimeOnlyDependenciesMetadata
org.ec4j.core:ec4j-core:0.3.0=spotless-1972451482,spotless-1972451483
org.hamcrest:hamcrest-core:1.3=testRuntimeClasspath
org.jacoco:org.jacoco.agent:0.8.8=jacocoAgent,jacocoAnt
org.jacoco:org.jacoco.ant:0.8.8=jacocoAnt
org.jacoco:org.jacoco.core:0.8.8=jacocoAnt
org.jacoco:org.jacoco.report:0.8.8=jacocoAnt
org.jetbrains.intellij.deps:trove4j:1.0.20200330=kotlinCompilerClasspath,kotlinKlibCommonizerClasspath,spotless-1972451482,spotless-1972451483
org.jetbrains.kotlin:kotlin-bom:1.8.0=compileClasspath,default,implementationDependenciesMetadata,runtimeClasspath,testCompileClasspath,testImplementationDependenciesMetadata,testRuntimeClasspath
org.jetbrains.kotlin:kotlin-compiler-embeddable:1.8.0=kotlinCompilerClasspath,kotlinKlibCommonizerClasspath,spotless-1972451482,spotless-1972451483
org.jetbrains.kotlin:kotlin-daemon-embeddable:1.8.0=kotlinCompilerClasspath,kotlinKlibCommonizerClasspath,spotless-1972451482,spotless-1972451483
org.jetbrains.kotlin:kotlin-klib-commonizer-embeddable:1.8.0=kotlinKlibCommonizerClasspath
org.jetbrains.kotlin:kotlin-reflect:1.6.10=kotlinCompilerClasspath,kotlinKlibCommonizerClasspath,spotless-1972451482
org.jetbrains.kotlin:kotlin-reflect:1.8.0=compileClasspath,default,implementationDependenciesMetadata,runtimeClasspath,spotless-1972451483,testCompileClasspath,testImplementationDependenciesMetadata,testRuntimeClasspath
org.jetbrains.kotlin:kotlin-script-runtime:1.8.0=kotlinCompilerClasspath,kotlinCompilerPluginClasspathMain,kotlinCompilerPluginClasspathTest,kotlinKlibCommonizerClasspath,spotless-1972451482,spotless-1972451483
org.jetbrains.kotlin:kotlin-scripting-common:1.8.0=kotlinCompilerPluginClasspathMain,kotlinCompilerPluginClasspathTest
org.jetbrains.kotlin:kotlin-scripting-compiler-embeddable:1.8.0=kotlinCompilerPluginClasspathMain,kotlinCompilerPluginClasspathTest
org.jetbrains.kotlin:kotlin-scripting-compiler-impl-embeddable:1.8.0=kotlinCompilerPluginClasspathMain,kotlinCompilerPluginClasspathTest
org.jetbrains.kotlin:kotlin-scripting-jvm:1.8.0=kotlinCompilerPluginClasspathMain,kotlinCompilerPluginClasspathTest
org.jetbrains.kotlin:kotlin-stdlib-common:1.8.0=compileClasspath,default,implementationDependenciesMetadata,kotlinCompilerClasspath,kotlinCompilerPluginClasspathMain,kotlinCompilerPluginClasspathTest,kotlinKlibCommonizerClasspath,runtimeClasspath,spotless-1972451482,spotless-1972451483,testCompileClasspath,testImplementationDependenciesMetadata,testRuntimeClasspath
org.jetbrains.kotlin:kotlin-stdlib-jdk7:1.8.0=compileClasspath,default,implementationDependenciesMetadata,runtimeClasspath,spotless-1972451482,spotless-1972451483,testCompileClasspath,testImplementationDependenciesMetadata,testRuntimeClasspath
org.jetbrains.kotlin:kotlin-stdlib-jdk8:1.8.0=compileClasspath,default,implementationDependenciesMetadata,runtimeClasspath,spotless-1972451482,spotless-1972451483,testCompileClasspath,testImplementationDependenciesMetadata,testRuntimeClasspath
org.jetbrains.kotlin:kotlin-stdlib:1.8.0=compileClasspath,default,implementationDependenciesMetadata,kotlinCompilerClasspath,kotlinCompilerPluginClasspathMain,kotlinCompilerPluginClasspathTest,kotlinKlibCommonizerClasspath,runtimeClasspath,spotless-1972451482,spotless-1972451483,testCompileClasspath,testImplementationDependenciesMetadata,testRuntimeClasspath
org.jetbrains.kotlinx:atomicfu:0.17.3=testImplementationDependenciesMetadata
org.jetbrains.kotlinx:kotlinx-coroutines-bom:1.6.4=testRuntimeClasspath
org.jetbrains.kotlinx:kotlinx-coroutines-core-jvm:1.6.4=testRuntimeClasspath
org.jetbrains.kotlinx:kotlinx-coroutines-core:1.6.4=testImplementationDependenciesMetadata,testRuntimeClasspath
org.jetbrains.kotlinx:kotlinx-coroutines-jdk8:1.6.4=testRuntimeClasspath
org.jetbrains.kotlinx:kotlinx-serialization-core-jvm:1.4.1=spotless-1972451482,spotless-1972451483
org.jetbrains.kotlinx:kotlinx-serialization-core:1.4.1=spotless-1972451482,spotless-1972451483
org.jetbrains.kotlinx:kotlinx-serialization-json-jvm:1.4.1=spotless-1972451482,spotless-1972451483
org.jetbrains.kotlinx:kotlinx-serialization-json:1.4.1=spotless-1972451482,spotless-1972451483
org.jetbrains:annotations:13.0=compileClasspath,default,implementationDependenciesMetadata,kotlinCompilerClasspath,kotlinCompilerPluginClasspathMain,kotlinCompilerPluginClasspathTest,kotlinKlibCommonizerClasspath,runtimeClasspath,spotless-1972451482,spotless-1972451483,testCompileClasspath,testImplementationDependenciesMetadata,testRuntimeClasspath
org.junit.jupiter:junit-jupiter-api:5.9.2=testCompileClasspath,testImplementationDependenciesMetadata,testRuntimeClasspath,testRuntimeOnlyDependenciesMetadata
org.junit.jupiter:junit-jupiter-engine:5.9.2=testRuntimeClasspath,testRuntimeOnlyDependenciesMetadata
org.junit.jupiter:junit-jupiter-params:5.9.2=testCompileClasspath,testImplementationDependenciesMetadata,testRuntimeClasspath
org.junit.jupiter:junit-jupiter:5.9.2=testRuntimeClasspath
org.junit.platform:junit-platform-commons:1.9.2=testCompileClasspath,testImplementationDependenciesMetadata,testRuntimeClasspath,testRuntimeOnlyDependenciesMetadata
org.junit.platform:junit-platform-engine:1.9.2=testRuntimeClasspath,testRuntimeOnlyDependenciesMetadata
org.junit:junit-bom:5.9.2=testCompileClasspath,testImplementationDependenciesMetadata,testRuntimeClasspath,testRuntimeOnlyDependenciesMetadata
org.mybatis.generator:mybatis-generator-core:1.4.2=compileClasspath,default,implementationDependenciesMetadata,runtimeClasspath,testCompileClasspath,testImplementationDependenciesMetadata,testRuntimeClasspath
org.mybatis:mybatis:3.5.11=compileClasspath,default,implementationDependenciesMetadata,runtimeClasspath,testCompileClasspath,testImplementationDependenciesMetadata,testRuntimeClasspath
org.objenesis:objenesis:3.3=testCompileClasspath,testRuntimeClasspath
org.opentest4j:opentest4j:1.2.0=testCompileClasspath,testImplementationDependenciesMetadata,testRuntimeClasspath,testRuntimeOnlyDependenciesMetadata
org.ow2.asm:asm-analysis:9.2=jacocoAnt
org.ow2.asm:asm-commons:9.2=jacocoAnt
org.ow2.asm:asm-tree:9.2=jacocoAnt
org.ow2.asm:asm:9.2=jacocoAnt
org.slf4j:slf4j-api:2.0.0=spotless-1972451482,spotless-1972451483
org.slf4j:slf4j-api:2.0.5=testRuntimeClasspath
org.yaml:snakeyaml:1.33=compileClasspath,default,implementationDependenciesMetadata,runtimeClasspath,testCompileClasspath,testImplementationDependenciesMetadata,testRuntimeClasspath
empty=annotationProcessor,apiDependenciesMetadata,archives,compileOnlyDependenciesMetadata,intransitiveDependenciesMetadata,kotlinCompilerPluginClasspath,kotlinNativeCompilerPluginClasspath,kotlinScriptDef,kotlinScriptDefExtensions,runtimeOnlyDependenciesMetadata,signatures,testAnnotationProcessor,testApiDependenciesMetadata,testCompileOnlyDependenciesMetadata,testIntransitiveDependenciesMetadata,testKotlinScriptDef,testKotlinScriptDefExtensions
