# This is a Gradle generated file for dependency locking.
# Manual edits can break the build and are not advised.
# This file is expected to be part of source control.
com.diffplug.durian:durian-collect:1.2.0=classpath
com.diffplug.durian:durian-core:1.2.0=classpath
com.diffplug.durian:durian-io:1.2.0=classpath
com.diffplug.spotless:com.diffplug.spotless.gradle.plugin:6.15.0=classpath
com.diffplug.spotless:spotless-lib-extra:2.35.0=classpath
com.diffplug.spotless:spotless-lib:2.35.0=classpath
com.diffplug.spotless:spotless-plugin-gradle:6.15.0=classpath
com.esotericsoftware:minlog:1.3.1=classpath
com.fasterxml.jackson.core:jackson-annotations:2.14.1=classpath
com.fasterxml.jackson.core:jackson-core:2.14.1=classpath
com.fasterxml.jackson.core:jackson-databind:2.14.1=classpath
com.fasterxml.jackson.dataformat:jackson-dataformat-yaml:2.14.1=classpath
com.fasterxml.jackson.module:jackson-module-afterburner:2.14.1=classpath
com.fasterxml.jackson.module:jackson-module-blackbird:2.14.1=classpath
com.fasterxml.jackson:jackson-bom:2.14.1=classpath
com.github.package-url:packageurl-java:1.4.1=classpath
com.github.spullara.mustache.java:compiler:0.9.6=classpath
com.github.zafarkhaja:java-semver:0.9.0=classpath
com.google.code.findbugs:jsr305:3.0.2=classpath
com.google.code.gson:gson:2.9.0=classpath
com.google.errorprone:error_prone_annotations:2.11.0=classpath
com.google.guava:failureaccess:1.0.1=classpath
com.google.guava:guava:31.1-jre=classpath
com.google.guava:listenablefuture:9999.0-empty-to-avoid-conflict-with-guava=classpath
com.google.j2objc:j2objc-annotations:1.3=classpath
com.googlecode.concurrent-trees:concurrent-trees:2.6.1=classpath
com.googlecode.javaewah:JavaEWAH:1.1.13=classpath
com.h2database:h2:2.1.214=classpath
com.h3xstream.retirejs:retirejs-core:3.0.4=classpath
com.hankcs:aho-corasick-double-array-trie:1.2.3=classpath
com.jcraft:jsch.agentproxy.core:0.0.9=classpath
com.jcraft:jsch.agentproxy.jsch:0.0.9=classpath
com.jcraft:jsch.agentproxy.pageant:0.0.9=classpath
com.jcraft:jsch.agentproxy.sshagent:0.0.9=classpath
com.jcraft:jsch.agentproxy.usocket-jna:0.0.9=classpath
com.jcraft:jsch.agentproxy.usocket-nc:0.0.9=classpath
com.jcraft:jsch:0.1.55=classpath
com.jcraft:jzlib:1.1.1=classpath
com.moandjiezana.toml:toml4j:0.7.2=classpath
com.vaadin.external.google:android-json:0.0.20131108.vaadin1=classpath
commons-beanutils:commons-beanutils:1.9.4=classpath
commons-collections:commons-collections:3.2.2=classpath
commons-digester:commons-digester:2.1=classpath
commons-io:commons-io:2.11.0=classpath
commons-logging:commons-logging:1.2=classpath
commons-validator:commons-validator:1.7=classpath
javax.activation:javax.activation-api:1.2.0=classpath
javax.inject:javax.inject:1=classpath
javax.ws.rs:javax.ws.rs-api:2.0.1=classpath
javax.xml.bind:jaxb-api:2.3.1=classpath
joda-time:joda-time:2.10.4=classpath
net.gpedro.integrations.slack:slack-webhook:1.4.0=classpath
net.i2p.crypto:eddsa:0.3.0=classpath
net.java.dev.jna:jna-platform:4.1.0=classpath
net.java.dev.jna:jna:4.1.0=classpath
org.anarres.jdiagnostics:jdiagnostics:1.0.7=classpath
org.apache.commons:commons-collections4:4.4=classpath
org.apache.commons:commons-compress:1.22=classpath
org.apache.commons:commons-dbcp2:2.9.0=classpath
org.apache.commons:commons-jcs-core:2.2.1=classpath
org.apache.commons:commons-lang3:3.12.0=classpath
org.apache.commons:commons-pool2:2.10.0=classpath
org.apache.commons:commons-text:1.10.0=classpath
org.apache.lucene:lucene-analyzers-common:8.11.2=classpath
org.apache.lucene:lucene-core:8.11.2=classpath
org.apache.lucene:lucene-queries:8.11.2=classpath
org.apache.lucene:lucene-queryparser:8.11.2=classpath
org.apache.lucene:lucene-sandbox:8.11.2=classpath
org.apache.sshd:sshd-common:2.7.0=classpath
org.apache.sshd:sshd-core:2.7.0=classpath
org.apache.sshd:sshd-osgi:2.7.0=classpath
org.apache.sshd:sshd-sftp:2.7.0=classpath
org.apache.velocity:velocity-engine-core:2.3=classpath
org.bouncycastle:bcpg-jdk15on:1.69=classpath
org.bouncycastle:bcpg-jdk18on:1.71=classpath
org.bouncycastle:bcpkix-jdk15on:1.69=classpath
org.bouncycastle:bcprov-jdk15on:1.69=classpath
org.bouncycastle:bcprov-jdk18on:1.71=classpath
org.bouncycastle:bcutil-jdk15on:1.69=classpath
org.checkerframework:checker-qual:3.12.0=classpath
org.eclipse.jgit:org.eclipse.jgit.gpg.bc:5.13.1.202206130422-r=classpath
org.eclipse.jgit:org.eclipse.jgit.ssh.apache:5.13.1.202206130422-r=classpath
org.eclipse.jgit:org.eclipse.jgit.ssh.jsch:5.13.1.202206130422-r=classpath
org.eclipse.jgit:org.eclipse.jgit.ui:5.13.1.202206130422-r=classpath
org.eclipse.jgit:org.eclipse.jgit:6.4.0.202211300538-r=classpath
org.eclipse.packager:packager-core:0.19.0=classpath
org.eclipse.packager:packager-rpm:0.19.0=classpath
org.glassfish:javax.json:1.1.4=classpath
org.jsoup:jsoup:1.15.3=classpath
org.owasp.dependencycheck:org.owasp.dependencycheck.gradle.plugin:7.4.4=classpath
org.owasp:dependency-check-core:7.4.4=classpath
org.owasp:dependency-check-gradle:7.4.4=classpath
org.owasp:dependency-check-utils:7.4.4=classpath
org.semver4j:semver4j:4.1.1=classpath
org.slf4j:jcl-over-slf4j:1.7.30=classpath
org.slf4j:slf4j-api:1.7.36=classpath
org.sonatype.goodies:package-url-java:1.1.1=classpath
org.sonatype.ossindex:ossindex-service-api:1.8.2=classpath
org.sonatype.ossindex:ossindex-service-client:1.8.2=classpath
org.tukaani:xz:1.9=classpath
org.whitesource:pecoff4j:0.0.2.1=classpath
org.yaml:snakeyaml:1.33=classpath
pl.allegro.tech.build.axion-release:pl.allegro.tech.build.axion-release.gradle.plugin:1.14.4=classpath
pl.allegro.tech.build:axion-release-plugin:1.14.4=classpath
us.springett:cpe-parser:2.0.2=classpath
empty=
